{
  "name": "pretty-swag",
  "version": "0.1.104",
  "lockfileVersion": 1,
  "dependencies": {
    "argparse": {
      "version": "https://registry.npmjs.org/argparse/-/argparse-1.0.9.tgz",
      "integrity": "sha1-c9g7wmP4bpf4zE9rrhsOkKfSLIY="
    },
    "call-me-maybe": {
      "version": "https://registry.npmjs.org/call-me-maybe/-/call-me-maybe-1.0.1.tgz",
      "integrity": "sha1-JtII6onje1y95gJQoV8DHBak1ms="
    },
    "commander": {
      "version": "https://registry.npmjs.org/commander/-/commander-2.9.0.tgz",
      "integrity": "sha1-nJkJQXbhIkDLItbFFGCYQA/g99Q=",
      "optional": true
    },
    "debug": {
      "version": "https://registry.npmjs.org/debug/-/debug-2.6.1.tgz",
      "integrity": "sha1-eYVQkLosTjEVzH2HaUkdWPBJE1E="
    },
    "es6-promise": {
      "version": "https://registry.npmjs.org/es6-promise/-/es6-promise-3.3.1.tgz",
      "integrity": "sha1-oIzd6EzNvzTQJ6FFG8kdS80ophM="
    },
    "esprima": {
      "version": "https://registry.npmjs.org/esprima/-/esprima-3.1.3.tgz",
      "integrity": "sha1-/cpRzuYTOJXjyI1TXOSdv/YqRjM="
    },
    "graceful-readlink": {
      "version": "https://registry.npmjs.org/graceful-readlink/-/graceful-readlink-1.0.1.tgz",
      "integrity": "sha1-TK+tdrxi8C+gObL5Tpo906ORpyU=",
      "optional": true
    },
    "highlight.js": {
      "version": "https://registry.npmjs.org/highlight.js/-/highlight.js-9.12.0.tgz",
      "integrity": "sha1-5tnb5Xy+/mB1HwKvM2GVhwyQwB4="
    },
    "json-schema-ref-parser": {
      "version": "https://registry.npmjs.org/json-schema-ref-parser/-/json-schema-ref-parser-3.1.2.tgz",
      "integrity": "sha1-o47Ld3T4fzLn65cj1ZITkOdqmkI=",
      "dependencies": {
        "js-yaml": {
          "version": "https://registry.npmjs.org/js-yaml/-/js-yaml-3.8.2.tgz",
          "integrity": "sha1-AtPiwPa+qyAkjUEsNSIDgn14ZyE="
        }
      }
    },
    "livedoc": {
      "version": "file:..\\livedoc",
      "dependencies": {
        "ansi-regex": {
          "version": "2.1.1",
          "bundled": true
        },
        "ansi-styles": {
          "version": "2.2.1",
          "bundled": true
        },
        "chalk": {
          "version": "1.1.3",
          "bundled": true
        },
        "escape-string-regexp": {
          "version": "1.0.5",
          "bundled": true
        },
        "has-ansi": {
          "version": "2.0.0",
          "bundled": true
        },
        "hash-sum": {
          "version": "1.0.2",
          "bundled": true
        },
        "he": {
          "version": "1.1.1",
          "bundled": true
        },
        "lodash._reinterpolate": {
          "version": "3.0.0",
          "bundled": true
        },
        "lodash.template": {
          "version": "4.4.0",
          "bundled": true
        },
        "lodash.templatesettings": {
          "version": "4.1.0",
          "bundled": true
        },
        "lodash.uniq": {
          "version": "4.5.0",
          "bundled": true
        },
        "path-parse": {
          "version": "1.0.5",
          "bundled": true
        },
        "resolve": {
          "version": "1.3.3",
          "bundled": true
        },
        "serialize-javascript": {
          "version": "1.3.0",
          "bundled": true
        },
        "source-map": {
          "version": "0.5.6",
          "bundled": true
        },
        "strip-ansi": {
          "version": "3.0.1",
          "bundled": true
        },
        "supports-color": {
          "version": "2.0.0",
          "bundled": true
        },
        "vue": {
          "version": "2.3.3",
          "bundled": true
        },
        "vue-server-renderer": {
          "version": "2.3.3",
          "bundled": true
        }
      }
    },
    "lodash.get": {
      "version": "https://registry.npmjs.org/lodash.get/-/lodash.get-4.4.2.tgz",
      "integrity": "sha1-LRd/ZS+jHpObRDjVNBSZ36OCXpk="
    },
    "lodash.isequal": {
      "version": "https://registry.npmjs.org/lodash.isequal/-/lodash.isequal-4.5.0.tgz",
      "integrity": "sha1-QVxEePK8wwEgwizhDtMib30+GOA="
    },
    "marked": {
      "version": "https://registry.npmjs.org/marked/-/marked-0.3.6.tgz",
      "integrity": "sha1-ssbGGPzOzk74bE/Gy4p8v1rtqNc="
    },
    "ms": {
      "version": "https://registry.npmjs.org/ms/-/ms-0.7.2.tgz",
      "integrity": "sha1-riXPJRKziFodldfwN4aNhDESR2U="
    },
    "ono": {
      "version": "https://registry.npmjs.org/ono/-/ono-2.2.4.tgz",
      "integrity": "sha1-9sHZ6mTaB6VIY5hlNdo95n5QJpY="
    },
    "pluralize": {
      "version": "https://registry.npmjs.org/pluralize/-/pluralize-3.1.0.tgz",
      "integrity": "sha1-hCE9ChI1YGnaqEBgxVkkJjMWE2g="
    },
    "sprintf-js": {
      "version": "https://registry.npmjs.org/sprintf-js/-/sprintf-js-1.0.3.tgz",
      "integrity": "sha1-BOaSb2YolTVPPdAVIDYzuFcpfiw="
    },
    "validator": {
      "version": "https://registry.npmjs.org/validator/-/validator-6.3.0.tgz",
      "integrity": "sha1-R84j7Y1Ord+p1LjvAHG2zxB418g="
    },
    "z-schema": {
      "version": "https://registry.npmjs.org/z-schema/-/z-schema-3.18.2.tgz",
      "integrity": "sha1-5CIZa17+YLRq3vPD8q7y3qqREWE="
    }
  }
}
